// !$*UTF8*$!
{
	archiveVersion = 1;
	classes = {
	};
	objectVersion = 50;
	objects = {

/* Begin PBXBuildFile section */
		BA872E70246C76FB00F71950 /* AppDelegate.swift in Sources */ = {isa = PBXBuildFile; fileRef = BA872E6F246C76FB00F71950 /* AppDelegate.swift */; };
		BA872E77246C76FB00F71950 /* Profile.storyboard in Resources */ = {isa = PBXBuildFile; fileRef = BA872E75246C76FB00F71950 /* Profile.storyboard */; };
		BA872E79246C76FC00F71950 /* Assets.xcassets in Resources */ = {isa = PBXBuildFile; fileRef = BA872E78246C76FC00F71950 /* Assets.xcassets */; };
		BA872E7C246C76FC00F71950 /* LaunchScreen.storyboard in Resources */ = {isa = PBXBuildFile; fileRef = BA872E7A246C76FC00F71950 /* LaunchScreen.storyboard */; };
		BA872E8E246C774F00F71950 /* ProfilePresenter.swift in Sources */ = {isa = PBXBuildFile; fileRef = BA872E87246C774F00F71950 /* ProfilePresenter.swift */; };
		BA872E91246C774F00F71950 /* ProfileModel.swift in Sources */ = {isa = PBXBuildFile; fileRef = BA872E8A246C774F00F71950 /* ProfileModel.swift */; };
		BA872E92246C774F00F71950 /* ProfileViewController.swift in Sources */ = {isa = PBXBuildFile; fileRef = BA872E8B246C774F00F71950 /* ProfileViewController.swift */; };
		BA872E93246C774F00F71950 /* ProfileInteractor.swift in Sources */ = {isa = PBXBuildFile; fileRef = BA872E8C246C774F00F71950 /* ProfileInteractor.swift */; };
		BA872E9F246C7ACE00F71950 /* PhotoTableViewCell.swift in Sources */ = {isa = PBXBuildFile; fileRef = BA872E9D246C7ACE00F71950 /* PhotoTableViewCell.swift */; };
		BA872EA0246C7ACE00F71950 /* PhotoTableViewCell.xib in Resources */ = {isa = PBXBuildFile; fileRef = BA872E9E246C7ACE00F71950 /* PhotoTableViewCell.xib */; };
		BA872EA6246C832100F71950 /* UserDataTableViewCell.swift in Sources */ = {isa = PBXBuildFile; fileRef = BA872EA4246C832100F71950 /* UserDataTableViewCell.swift */; };
		BA872EA7246C832100F71950 /* UserDataTableViewCell.xib in Resources */ = {isa = PBXBuildFile; fileRef = BA872EA5246C832100F71950 /* UserDataTableViewCell.xib */; };
		BAAA635D246C958E008F3894 /* ProfessionTableViewCell.swift in Sources */ = {isa = PBXBuildFile; fileRef = BAAA635B246C958E008F3894 /* ProfessionTableViewCell.swift */; };
		BAAA635E246C958E008F3894 /* ProfessionTableViewCell.xib in Resources */ = {isa = PBXBuildFile; fileRef = BAAA635C246C958E008F3894 /* ProfessionTableViewCell.xib */; };
		BAAA6361246D411B008F3894 /* UIImage+Extensions.swift in Sources */ = {isa = PBXBuildFile; fileRef = BAAA6360246D411B008F3894 /* UIImage+Extensions.swift */; };
		BAAA6365246D4884008F3894 /* FlagViewController.swift in Sources */ = {isa = PBXBuildFile; fileRef = BAAA6364246D4884008F3894 /* FlagViewController.swift */; };
		BAAA6369246D4962008F3894 /* FlagTableViewCell.swift in Sources */ = {isa = PBXBuildFile; fileRef = BAAA6367246D4962008F3894 /* FlagTableViewCell.swift */; };
		BAAA636A246D4962008F3894 /* FlagTableViewCell.xib in Resources */ = {isa = PBXBuildFile; fileRef = BAAA6368246D4962008F3894 /* FlagTableViewCell.xib */; };
/* End PBXBuildFile section */

/* Begin PBXFileReference section */
		BA872E6C246C76FB00F71950 /* ProfileScreen.app */ = {isa = PBXFileReference; explicitFileType = wrapper.application; includeInIndex = 0; path = ProfileScreen.app; sourceTree = BUILT_PRODUCTS_DIR; };
		BA872E6F246C76FB00F71950 /* AppDelegate.swift */ = {isa = PBXFileReference; lastKnownFileType = sourcecode.swift; path = AppDelegate.swift; sourceTree = "<group>"; };
		BA872E76246C76FB00F71950 /* Base */ = {isa = PBXFileReference; lastKnownFileType = file.storyboard; name = Base; path = Base.lproj/Profile.storyboard; sourceTree = "<group>"; };
		BA872E78246C76FC00F71950 /* Assets.xcassets */ = {isa = PBXFileReference; lastKnownFileType = folder.assetcatalog; path = Assets.xcassets; sourceTree = "<group>"; };
		BA872E7B246C76FC00F71950 /* Base */ = {isa = PBXFileReference; lastKnownFileType = file.storyboard; name = Base; path = Base.lproj/LaunchScreen.storyboard; sourceTree = "<group>"; };
		BA872E7D246C76FC00F71950 /* Info.plist */ = {isa = PBXFileReference; lastKnownFileType = text.plist.xml; path = Info.plist; sourceTree = "<group>"; };
		BA872E87246C774F00F71950 /* ProfilePresenter.swift */ = {isa = PBXFileReference; lastKnownFileType = sourcecode.swift; path = ProfilePresenter.swift; sourceTree = "<group>"; };
		BA872E8A246C774F00F71950 /* ProfileModel.swift */ = {isa = PBXFileReference; lastKnownFileType = sourcecode.swift; path = ProfileModel.swift; sourceTree = "<group>"; };
		BA872E8B246C774F00F71950 /* ProfileViewController.swift */ = {isa = PBXFileReference; lastKnownFileType = sourcecode.swift; path = ProfileViewController.swift; sourceTree = "<group>"; };
		BA872E8C246C774F00F71950 /* ProfileInteractor.swift */ = {isa = PBXFileReference; lastKnownFileType = sourcecode.swift; path = ProfileInteractor.swift; sourceTree = "<group>"; };
		BA872E9D246C7ACE00F71950 /* PhotoTableViewCell.swift */ = {isa = PBXFileReference; lastKnownFileType = sourcecode.swift; path = PhotoTableViewCell.swift; sourceTree = "<group>"; };
		BA872E9E246C7ACE00F71950 /* PhotoTableViewCell.xib */ = {isa = PBXFileReference; lastKnownFileType = file.xib; path = PhotoTableViewCell.xib; sourceTree = "<group>"; };
		BA872EA4246C832100F71950 /* UserDataTableViewCell.swift */ = {isa = PBXFileReference; lastKnownFileType = sourcecode.swift; path = UserDataTableViewCell.swift; sourceTree = "<group>"; };
		BA872EA5246C832100F71950 /* UserDataTableViewCell.xib */ = {isa = PBXFileReference; lastKnownFileType = file.xib; path = UserDataTableViewCell.xib; sourceTree = "<group>"; };
		BAAA635B246C958E008F3894 /* ProfessionTableViewCell.swift */ = {isa = PBXFileReference; lastKnownFileType = sourcecode.swift; path = ProfessionTableViewCell.swift; sourceTree = "<group>"; };
		BAAA635C246C958E008F3894 /* ProfessionTableViewCell.xib */ = {isa = PBXFileReference; lastKnownFileType = file.xib; path = ProfessionTableViewCell.xib; sourceTree = "<group>"; };
		BAAA6360246D411B008F3894 /* UIImage+Extensions.swift */ = {isa = PBXFileReference; lastKnownFileType = sourcecode.swift; path = "UIImage+Extensions.swift"; sourceTree = "<group>"; };
		BAAA6364246D4884008F3894 /* FlagViewController.swift */ = {isa = PBXFileReference; lastKnownFileType = sourcecode.swift; path = FlagViewController.swift; sourceTree = "<group>"; };
		BAAA6367246D4962008F3894 /* FlagTableViewCell.swift */ = {isa = PBXFileReference; lastKnownFileType = sourcecode.swift; path = FlagTableViewCell.swift; sourceTree = "<group>"; };
		BAAA6368246D4962008F3894 /* FlagTableViewCell.xib */ = {isa = PBXFileReference; lastKnownFileType = file.xib; path = FlagTableViewCell.xib; sourceTree = "<group>"; };
/* End PBXFileReference section */

/* Begin PBXFrameworksBuildPhase section */
		BA872E69246C76FB00F71950 /* Frameworks */ = {
			isa = PBXFrameworksBuildPhase;
			buildActionMask = 2147483647;
			files = (
			);
			runOnlyForDeploymentPostprocessing = 0;
		};
/* End PBXFrameworksBuildPhase section */

/* Begin PBXGroup section */
		BA872E63246C76FB00F71950 = {
			isa = PBXGroup;
			children = (
				BA872E6E246C76FB00F71950 /* ProfileScreen */,
				BA872E6D246C76FB00F71950 /* Products */,
			);
			sourceTree = "<group>";
		};
		BA872E6D246C76FB00F71950 /* Products */ = {
			isa = PBXGroup;
			children = (
				BA872E6C246C76FB00F71950 /* ProfileScreen.app */,
			);
			name = Products;
			sourceTree = "<group>";
		};
		BA872E6E246C76FB00F71950 /* ProfileScreen */ = {
			isa = PBXGroup;
			children = (
				BA872E96246C797000F71950 /* Screens */,
				BA872E95246C795D00F71950 /* Resources */,
				BA872E6F246C76FB00F71950 /* AppDelegate.swift */,
				BA872E7A246C76FC00F71950 /* LaunchScreen.storyboard */,
			);
			path = ProfileScreen;
			sourceTree = "<group>";
		};
		BA872E95246C795D00F71950 /* Resources */ = {
			isa = PBXGroup;
			children = (
				BA872E7D246C76FC00F71950 /* Info.plist */,
				BA872E78246C76FC00F71950 /* Assets.xcassets */,
			);
			path = Resources;
			sourceTree = "<group>";
		};
		BA872E96246C797000F71950 /* Screens */ = {
			isa = PBXGroup;
			children = (
				BAAA635F246D4109008F3894 /* Helpers */,
				BA872E97246C797F00F71950 /* Profile */,
			);
			path = Screens;
			sourceTree = "<group>";
		};
		BA872E97246C797F00F71950 /* Profile */ = {
			isa = PBXGroup;
			children = (
				BAAA6362246D4808008F3894 /* ChooseFlag */,
				BA872E98246C7A3700F71950 /* Cells */,
				BAAA6363246D4853008F3894 /* Main */,
			);
			path = Profile;
			sourceTree = "<group>";
		};
		BA872E98246C7A3700F71950 /* Cells */ = {
			isa = PBXGroup;
			children = (
				BAAA635A246C956C008F3894 /* Profession */,
				BA872EA3246C830C00F71950 /* UserData */,
				BA872EA2246C82FB00F71950 /* Photo */,
			);
			path = Cells;
			sourceTree = "<group>";
		};
		BA872EA2246C82FB00F71950 /* Photo */ = {
			isa = PBXGroup;
			children = (
				BA872E9D246C7ACE00F71950 /* PhotoTableViewCell.swift */,
				BA872E9E246C7ACE00F71950 /* PhotoTableViewCell.xib */,
			);
			path = Photo;
			sourceTree = "<group>";
		};
		BA872EA3246C830C00F71950 /* UserData */ = {
			isa = PBXGroup;
			children = (
				BA872EA4246C832100F71950 /* UserDataTableViewCell.swift */,
				BA872EA5246C832100F71950 /* UserDataTableViewCell.xib */,
			);
			path = UserData;
			sourceTree = "<group>";
		};
		BAAA635A246C956C008F3894 /* Profession */ = {
			isa = PBXGroup;
			children = (
				BAAA635B246C958E008F3894 /* ProfessionTableViewCell.swift */,
				BAAA635C246C958E008F3894 /* ProfessionTableViewCell.xib */,
			);
			path = Profession;
			sourceTree = "<group>";
		};
		BAAA635F246D4109008F3894 /* Helpers */ = {
			isa = PBXGroup;
			children = (
				BAAA6360246D411B008F3894 /* UIImage+Extensions.swift */,
			);
			path = Helpers;
			sourceTree = "<group>";
		};
		BAAA6362246D4808008F3894 /* ChooseFlag */ = {
			isa = PBXGroup;
			children = (
				BAAA6366246D4945008F3894 /* Cell */,
				BAAA6364246D4884008F3894 /* FlagViewController.swift */,
			);
			path = ChooseFlag;
			sourceTree = "<group>";
		};
		BAAA6363246D4853008F3894 /* Main */ = {
			isa = PBXGroup;
			children = (
				BA872E75246C76FB00F71950 /* Profile.storyboard */,
				BA872E87246C774F00F71950 /* ProfilePresenter.swift */,
				BA872E8A246C774F00F71950 /* ProfileModel.swift */,
				BA872E8B246C774F00F71950 /* ProfileViewController.swift */,
				BA872E8C246C774F00F71950 /* ProfileInteractor.swift */,
			);
			path = Main;
			sourceTree = "<group>";
		};
		BAAA6366246D4945008F3894 /* Cell */ = {
			isa = PBXGroup;
			children = (
				BAAA6367246D4962008F3894 /* FlagTableViewCell.swift */,
				BAAA6368246D4962008F3894 /* FlagTableViewCell.xib */,
			);
			path = Cell;
			sourceTree = "<group>";
		};
/* End PBXGroup section */

/* Begin PBXNativeTarget section */
		BA872E6B246C76FB00F71950 /* ProfileScreen */ = {
			isa = PBXNativeTarget;
			buildConfigurationList = BA872E80246C76FD00F71950 /* Build configuration list for PBXNativeTarget "ProfileScreen" */;
			buildPhases = (
				BA872E68246C76FB00F71950 /* Sources */,
				BA872E69246C76FB00F71950 /* Frameworks */,
				BA872E6A246C76FB00F71950 /* Resources */,
			);
			buildRules = (
			);
			dependencies = (
			);
			name = ProfileScreen;
			productName = ProfileScreen;
			productReference = BA872E6C246C76FB00F71950 /* ProfileScreen.app */;
			productType = "com.apple.product-type.application";
		};
/* End PBXNativeTarget section */

/* Begin PBXProject section */
		BA872E64246C76FB00F71950 /* Project object */ = {
			isa = PBXProject;
			attributes = {
				LastSwiftUpdateCheck = 1140;
				LastUpgradeCheck = 1140;
				ORGANIZATIONNAME = "Veaceslav Chirita";
				TargetAttributes = {
					BA872E6B246C76FB00F71950 = {
						CreatedOnToolsVersion = 11.4.1;
					};
				};
			};
			buildConfigurationList = BA872E67246C76FB00F71950 /* Build configuration list for PBXProject "ProfileScreen" */;
			compatibilityVersion = "Xcode 9.3";
			developmentRegion = en;
			hasScannedForEncodings = 0;
			knownRegions = (
				en,
				Base,
			);
			mainGroup = BA872E63246C76FB00F71950;
			productRefGroup = BA872E6D246C76FB00F71950 /* Products */;
			projectDirPath = "";
			projectRoot = "";
			targets = (
				BA872E6B246C76FB00F71950 /* ProfileScreen */,
			);
		};
/* End PBXProject section */

/* Begin PBXResourcesBuildPhase section */
		BA872E6A246C76FB00F71950 /* Resources */ = {
			isa = PBXResourcesBuildPhase;
			buildActionMask = 2147483647;
			files = (
				BA872EA0246C7ACE00F71950 /* PhotoTableViewCell.xib in Resources */,
				BA872E7C246C76FC00F71950 /* LaunchScreen.storyboard in Resources */,
				BA872EA7246C832100F71950 /* UserDataTableViewCell.xib in Resources */,
				BA872E79246C76FC00F71950 /* Assets.xcassets in Resources */,
				BA872E77246C76FB00F71950 /* Profile.storyboard in Resources */,
				BAAA635E246C958E008F3894 /* ProfessionTableViewCell.xib in Resources */,
				BAAA636A246D4962008F3894 /* FlagTableViewCell.xib in Resources */,
			);
			runOnlyForDeploymentPostprocessing = 0;
		};
/* End PBXResourcesBuildPhase section */

/* Begin PBXSourcesBuildPhase section */
		BA872E68246C76FB00F71950 /* Sources */ = {
			isa = PBXSourcesBuildPhase;
			buildActionMask = 2147483647;
			files = (
				BA872E9F246C7ACE00F71950 /* PhotoTableViewCell.swift in Sources */,
				BA872EA6246C832100F71950 /* UserDataTableViewCell.swift in Sources */,
				BAAA6365246D4884008F3894 /* FlagViewController.swift in Sources */,
				BAAA6361246D411B008F3894 /* UIImage+Extensions.swift in Sources */,
				BAAA6369246D4962008F3894 /* FlagTableViewCell.swift in Sources */,
				BA872E70246C76FB00F71950 /* AppDelegate.swift in Sources */,
				BAAA635D246C958E008F3894 /* ProfessionTableViewCell.swift in Sources */,
				BA872E8E246C774F00F71950 /* ProfilePresenter.swift in Sources */,
				BA872E91246C774F00F71950 /* ProfileModel.swift in Sources */,
				BA872E92246C774F00F71950 /* ProfileViewController.swift in Sources */,
				BA872E93246C774F00F71950 /* ProfileInteractor.swift in Sources */,
			);
			runOnlyForDeploymentPostprocessing = 0;
		};
/* End PBXSourcesBuildPhase section */

/* Begin PBXVariantGroup section */
		BA872E75246C76FB00F71950 /* Profile.storyboard */ = {
			isa = PBXVariantGroup;
			children = (
				BA872E76246C76FB00F71950 /* Base */,
			);
			name = Profile.storyboard;
			sourceTree = "<group>";
		};
		BA872E7A246C76FC00F71950 /* LaunchScreen.storyboard */ = {
			isa = PBXVariantGroup;
			children = (
				BA872E7B246C76FC00F71950 /* Base */,
			);
			name = LaunchScreen.storyboard;
			sourceTree = "<group>";
		};
/* End PBXVariantGroup section */

/* Begin XCBuildConfiguration section */
		BA872E7E246C76FD00F71950 /* Debug */ = {
			isa = XCBuildConfiguration;
			buildSettings = {
				ALWAYS_SEARCH_USER_PATHS = NO;
				CLANG_ANALYZER_NONNULL = YES;
				CLANG_ANALYZER_NUMBER_OBJECT_CONVERSION = YES_AGGRESSIVE;
				CLANG_CXX_LANGUAGE_STANDARD = "gnu++14";
				CLANG_CXX_LIBRARY = "libc++";
				CLANG_ENABLE_MODULES = YES;
				CLANG_ENABLE_OBJC_ARC = YES;
				CLANG_ENABLE_OBJC_WEAK = YES;
				CLANG_WARN_BLOCK_CAPTURE_AUTORELEASING = YES;
				CLANG_WARN_BOOL_CONVERSION = YES;
				CLANG_WARN_COMMA = YES;
				CLANG_WARN_CONSTANT_CONVERSION = YES;
				CLANG_WARN_DEPRECATED_OBJC_IMPLEMENTATIONS = YES;
				CLANG_WARN_DIRECT_OBJC_ISA_USAGE = YES_ERROR;
				CLANG_WARN_DOCUMENTATION_COMMENTS = YES;
				CLANG_WARN_EMPTY_BODY = YES;
				CLANG_WARN_ENUM_CONVERSION = YES;
				CLANG_WARN_INFINITE_RECURSION = YES;
				CLANG_WARN_INT_CONVERSION = YES;
				CLANG_WARN_NON_LITERAL_NULL_CONVERSION = YES;
				CLANG_WARN_OBJC_IMPLICIT_RETAIN_SELF = YES;
				CLANG_WARN_OBJC_LITERAL_CONVERSION = YES;
				CLANG_WARN_OBJC_ROOT_CLASS = YES_ERROR;
				CLANG_WARN_RANGE_LOOP_ANALYSIS = YES;
				CLANG_WARN_STRICT_PROTOTYPES = YES;
				CLANG_WARN_SUSPICIOUS_MOVE = YES;
				CLANG_WARN_UNGUARDED_AVAILABILITY = YES_AGGRESSIVE;
				CLANG_WARN_UNREACHABLE_CODE = YES;
				CLANG_WARN__DUPLICATE_METHOD_MATCH = YES;
				COPY_PHASE_STRIP = NO;
				DEBUG_INFORMATION_FORMAT = dwarf;
				ENABLE_STRICT_OBJC_MSGSEND = YES;
				ENABLE_TESTABILITY = YES;
				GCC_C_LANGUAGE_STANDARD = gnu11;
				GCC_DYNAMIC_NO_PIC = NO;
				GCC_NO_COMMON_BLOCKS = YES;
				GCC_OPTIMIZATION_LEVEL = 0;
				GCC_PREPROCESSOR_DEFINITIONS = (
					"DEBUG=1",
					"$(inherited)",
				);
				GCC_WARN_64_TO_32_BIT_CONVERSION = YES;
				GCC_WARN_ABOUT_RETURN_TYPE = YES_ERROR;
				GCC_WARN_UNDECLARED_SELECTOR = YES;
				GCC_WARN_UNINITIALIZED_AUTOS = YES_AGGRESSIVE;
				GCC_WARN_UNUSED_FUNCTION = YES;
				GCC_WARN_UNUSED_VARIABLE = YES;
				IPHONEOS_DEPLOYMENT_TARGET = 13.4;
				MTL_ENABLE_DEBUG_INFO = INCLUDE_SOURCE;
				MTL_FAST_MATH = YES;
				ONLY_ACTIVE_ARCH = YES;
				SDKROOT = iphoneos;
				SWIFT_ACTIVE_COMPILATION_CONDITIONS = DEBUG;
				SWIFT_OPTIMIZATION_LEVEL = "-Onone";
			};
			name = Debug;
		};
		BA872E7F246C76FD00F71950 /* Release */ = {
			isa = XCBuildConfiguration;
			buildSettings = {
				ALWAYS_SEARCH_USER_PATHS = NO;
				CLANG_ANALYZER_NONNULL = YES;
				CLANG_ANALYZER_NUMBER_OBJECT_CONVERSION = YES_AGGRESSIVE;
				CLANG_CXX_LANGUAGE_STANDARD = "gnu++14";
				CLANG_CXX_LIBRARY = "libc++";
				CLANG_ENABLE_MODULES = YES;
				CLANG_ENABLE_OBJC_ARC = YES;
				CLANG_ENABLE_OBJC_WEAK = YES;
				CLANG_WARN_BLOCK_CAPTURE_AUTORELEASING = YES;
				CLANG_WARN_BOOL_CONVERSION = YES;
				CLANG_WARN_COMMA = YES;
				CLANG_WARN_CONSTANT_CONVERSION = YES;
				CLANG_WARN_DEPRECATED_OBJC_IMPLEMENTATIONS = YES;
				CLANG_WARN_DIRECT_OBJC_ISA_USAGE = YES_ERROR;
				CLANG_WARN_DOCUMENTATION_COMMENTS = YES;
				CLANG_WARN_EMPTY_BODY = YES;
				CLANG_WARN_ENUM_CONVERSION = YES;
				CLANG_WARN_INFINITE_RECURSION = YES;
				CLANG_WARN_INT_CONVERSION = YES;
				CLANG_WARN_NON_LITERAL_NULL_CONVERSION = YES;
				CLANG_WARN_OBJC_IMPLICIT_RETAIN_SELF = YES;
				CLANG_WARN_OBJC_LITERAL_CONVERSION = YES;
				CLANG_WARN_OBJC_ROOT_CLASS = YES_ERROR;
				CLANG_WARN_RANGE_LOOP_ANALYSIS = YES;
				CLANG_WARN_STRICT_PROTOTYPES = YES;
				CLANG_WARN_SUSPICIOUS_MOVE = YES;
				CLANG_WARN_UNGUARDED_AVAILABILITY = YES_AGGRESSIVE;
				CLANG_WARN_UNREACHABLE_CODE = YES;
				CLANG_WARN__DUPLICATE_METHOD_MATCH = YES;
				COPY_PHASE_STRIP = NO;
				DEBUG_INFORMATION_FORMAT = "dwarf-with-dsym";
				ENABLE_NS_ASSERTIONS = NO;
				ENABLE_STRICT_OBJC_MSGSEND = YES;
				GCC_C_LANGUAGE_STANDARD = gnu11;
				GCC_NO_COMMON_BLOCKS = YES;
				GCC_WARN_64_TO_32_BIT_CONVERSION = YES;
				GCC_WARN_ABOUT_RETURN_TYPE = YES_ERROR;
				GCC_WARN_UNDECLARED_SELECTOR = YES;
				GCC_WARN_UNINITIALIZED_AUTOS = YES_AGGRESSIVE;
				GCC_WARN_UNUSED_FUNCTION = YES;
				GCC_WARN_UNUSED_VARIABLE = YES;
				IPHONEOS_DEPLOYMENT_TARGET = 13.4;
				MTL_ENABLE_DEBUG_INFO = NO;
				MTL_FAST_MATH = YES;
				SDKROOT = iphoneos;
				SWIFT_COMPILATION_MODE = wholemodule;
				SWIFT_OPTIMIZATION_LEVEL = "-O";
				VALIDATE_PRODUCT = YES;
			};
			name = Release;
		};
		BA872E81246C76FD00F71950 /* Debug */ = {
			isa = XCBuildConfiguration;
			buildSettings = {
				ASSETCATALOG_COMPILER_APPICON_NAME = AppIcon;
				CODE_SIGN_STYLE = Automatic;
				DEVELOPMENT_TEAM = 97AVL57GTN;
				INFOPLIST_FILE = ProfileScreen/Resources/Info.plist;
				IPHONEOS_DEPLOYMENT_TARGET = 12.4;
				LD_RUNPATH_SEARCH_PATHS = (
					"$(inherited)",
					"@executable_path/Frameworks",
				);
				PRODUCT_BUNDLE_IDENTIFIER = "com.slava.profile-screen.ProfileScreen";
				PRODUCT_NAME = "$(TARGET_NAME)";
				SWIFT_VERSION = 5.0;
				TARGETED_DEVICE_FAMILY = 1;
			};
			name = Debug;
		};
		BA872E82246C76FD00F71950 /* Release */ = {
			isa = XCBuildConfiguration;
			buildSettings = {
				ASSETCATALOG_COMPILER_APPICON_NAME = AppIcon;
				CODE_SIGN_STYLE = Automatic;
				DEVELOPMENT_TEAM = 97AVL57GTN;
				INFOPLIST_FILE = ProfileScreen/Resources/Info.plist;
				IPHONEOS_DEPLOYMENT_TARGET = 12.4;
				LD_RUNPATH_SEARCH_PATHS = (
					"$(inherited)",
					"@executable_path/Frameworks",
				);
				PRODUCT_BUNDLE_IDENTIFIER = "com.slava.profile-screen.ProfileScreen";
				PRODUCT_NAME = "$(TARGET_NAME)";
				SWIFT_VERSION = 5.0;
				TARGETED_DEVICE_FAMILY = 1;
			};
			name = Release;
		};
/* End XCBuildConfiguration section */

/* Begin XCConfigurationList section */
		BA872E67246C76FB00F71950 /* Build configuration list for PBXProject "ProfileScreen" */ = {
			isa = XCConfigurationList;
			buildConfigurations = (
				BA872E7E246C76FD00F71950 /* Debug */,
				BA872E7F246C76FD00F71950 /* Release */,
			);
			defaultConfigurationIsVisible = 0;
			defaultConfigurationName = Release;
		};
		BA872E80246C76FD00F71950 /* Build configuration list for PBXNativeTarget "ProfileScreen" */ = {
			isa = XCConfigurationList;
			buildConfigurations = (
				BA872E81246C76FD00F71950 /* Debug */,
				BA872E82246C76FD00F71950 /* Release */,
			);
			defaultConfigurationIsVisible = 0;
			defaultConfigurationName = Release;
		};
/* End XCConfigurationList section */
	};
	rootObject = BA872E64246C76FB00F71950 /* Project object */;
}
